
Microsoft Visual Studio Solution File, Format Version 12.00
# Visual Studio Version 17
VisualStudioVersion = 17.0.31903.59
MinimumVisualStudioVersion = 10.0.40219.1
Project("{FAE04EC0-301F-11D3-BF4B-00C04F79EFBC}") = "AlkalineThunderMud.Shell", "AlkalineThunderMud.Shell\AlkalineThunderMud.Shell.csproj", "{AC729F1E-F849-477C-96D0-1BF5443B247A}"
EndProject
Project("{2150E333-8FDC-42A3-9474-1A3956D46DE8}") = "Repo Root", "Repo Root", "{44DD8728-2AE8-49D6-AB69-89FBA46901C0}"
	ProjectSection(SolutionItems) = preProject
		..\LICENSE = ..\LICENSE
		..\README.md = ..\README.md
		..\.github\actions\deploy.yml = ..\.github\actions\deploy.yml
	EndProjectSection
EndProject
Global
	GlobalSection(SolutionConfigurationPlatforms) = preSolution
		Debug|Any CPU = Debug|Any CPU
		Release|Any CPU = Release|Any CPU
	EndGlobalSection
	GlobalSection(SolutionProperties) = preSolution
		HideSolutionNode = FALSE
	EndGlobalSection
	GlobalSection(ProjectConfigurationPlatforms) = postSolution
		{AC729F1E-F849-477C-96D0-1BF5443B247A}.Debug|Any CPU.ActiveCfg = Debug|Any CPU
		{AC729F1E-F849-477C-96D0-1BF5443B247A}.Debug|Any CPU.Build.0 = Debug|Any CPU
		{AC729F1E-F849-477C-96D0-1BF5443B247A}.Release|Any CPU.ActiveCfg = Release|Any CPU
		{AC729F1E-F849-477C-96D0-1BF5443B247A}.Release|Any CPU.Build.0 = Release|Any CPU
	EndGlobalSection
EndGlobal
